
Microsoft Visual Studio Solution File, Format Version 12.00
# Visual Studio Version 16
VisualStudioVersion = 16.0.30011.22
MinimumVisualStudioVersion = 10.0.40219.1
Project("{FAE04EC0-301F-11D3-BF4B-00C04F79EFBC}") = "Mod", "Mod.csproj", "{D6D7A494-722E-4763-959B-C2D6B6A42B01}"
EndProject
Global
	GlobalSection(SolutionConfigurationPlatforms) = preSolution
		Debug|Any CPU = Debug|Any CPU
		Release|Any CPU = Release|Any CPU
	EndGlobalSection
	GlobalSection(ProjectConfigurationPlatforms) = postSolution
		{D6D7A494-722E-4763-959B-C2D6B6A42B01}.Debug|Any CPU.ActiveCfg = Debug|Any CPU
		{D6D7A494-722E-4763-959B-C2D6B6A42B01}.Debug|Any CPU.Build.0 = Debug|Any CPU
		{D6D7A494-722E-4763-959B-C2D6B6A42B01}.Release|Any CPU.ActiveCfg = Release|Any CPU
		{D6D7A494-722E-4763-959B-C2D6B6A42B01}.Release|Any CPU.Build.0 = Release|Any CPU
	EndGlobalSection
	GlobalSection(SolutionProperties) = preSolution
		HideSolutionNode = FALSE
	EndGlobalSection
	GlobalSection(ExtensibilityGlobals) = postSolution
		SolutionGuid = {09AF98DF-63B4-4734-92BD-8CF4D75F1453}
	EndGlobalSection
EndGlobal
